// !$*UTF8*$!
{
	archiveVersion = 1;
	classes = {
	};
	objectVersion = 46;
	objects = {

/* Begin PBXBuildFile section */
		F33BB4E818515AE600EC63DA /* WebKit.framework in Frameworks */ = {isa = PBXBuildFile; fileRef = F33BB4E718515AE600EC63DA /* WebKit.framework */; };
		F33BB4EE185288CC00EC63DA /* SettingsViewController.h in Headers */ = {isa = PBXBuildFile; fileRef = F33BB4EB185288CC00EC63DA /* SettingsViewController.h */; };
		F33BB4EF185288CC00EC63DA /* SettingsViewController.m in Sources */ = {isa = PBXBuildFile; fileRef = F33BB4EC185288CC00EC63DA /* SettingsViewController.m */; };
		F33BB4F0185288CC00EC63DA /* SettingsViewController.xib in Resources */ = {isa = PBXBuildFile; fileRef = F33BB4ED185288CC00EC63DA /* SettingsViewController.xib */; };
		F33BB4F3185289C500EC63DA /* WeHeartItLogo.h in Headers */ = {isa = PBXBuildFile; fileRef = F33BB4F1185289C500EC63DA /* WeHeartItLogo.h */; };
		F33BB4F4185289C500EC63DA /* WeHeartItLogo.m in Sources */ = {isa = PBXBuildFile; fileRef = F33BB4F2185289C500EC63DA /* WeHeartItLogo.m */; };
		F33BB4FA18528EDB00EC63DA /* NSImageView+AFNetworking.h in Headers */ = {isa = PBXBuildFile; fileRef = F33BB4F818528EDB00EC63DA /* NSImageView+AFNetworking.h */; };
		F33BB4FB18528EDB00EC63DA /* NSImageView+AFNetworking.m in Sources */ = {isa = PBXBuildFile; fileRef = F33BB4F918528EDB00EC63DA /* NSImageView+AFNetworking.m */; };
		F33BB4FF1852957500EC63DA /* ApiClient.h in Headers */ = {isa = PBXBuildFile; fileRef = F33BB4FD1852957500EC63DA /* ApiClient.h */; };
		F33BB5001852957500EC63DA /* ApiClient.m in Sources */ = {isa = PBXBuildFile; fileRef = F33BB4FE1852957500EC63DA /* ApiClient.m */; };
		F33BB50318529BAC00EC63DA /* NSURL+QueryStringAdditions.h in Headers */ = {isa = PBXBuildFile; fileRef = F33BB50118529BAC00EC63DA /* NSURL+QueryStringAdditions.h */; };
		F33BB50418529BAC00EC63DA /* NSURL+QueryStringAdditions.m in Sources */ = {isa = PBXBuildFile; fileRef = F33BB50218529BAC00EC63DA /* NSURL+QueryStringAdditions.m */; };
		F33BB5071852B34400EC63DA /* ImageGenerator.h in Headers */ = {isa = PBXBuildFile; fileRef = F33BB5051852B34400EC63DA /* ImageGenerator.h */; };
		F33BB5081852B34400EC63DA /* ImageGenerator.m in Sources */ = {isa = PBXBuildFile; fileRef = F33BB5061852B34400EC63DA /* ImageGenerator.m */; };
		F37B5EFB18446DC100294E39 /* Cocoa.framework in Frameworks */ = {isa = PBXBuildFile; fileRef = F37B5EFA18446DC100294E39 /* Cocoa.framework */; };
		F37B5EFD18446DC100294E39 /* ScreenSaver.framework in Frameworks */ = {isa = PBXBuildFile; fileRef = F37B5EFC18446DC100294E39 /* ScreenSaver.framework */; };
		F37B5F0718446DC100294E39 /* InfoPlist.strings in Resources */ = {isa = PBXBuildFile; fileRef = F37B5F0518446DC100294E39 /* InfoPlist.strings */; };
		F37B5F0B18446DC100294E39 /* WeHeartItScreensaverView.m in Sources */ = {isa = PBXBuildFile; fileRef = F37B5F0A18446DC100294E39 /* WeHeartItScreensaverView.m */; };
		F37B5F12184470D400294E39 /* We Heart It Screensaver.saver in CopyFiles */ = {isa = PBXBuildFile; fileRef = F37B5EF718446DC100294E39 /* We Heart It Screensaver.saver */; };
		F37B5F1A1844787500294E39 /* OptionsPanel.xib in Resources */ = {isa = PBXBuildFile; fileRef = F37B5F191844787500294E39 /* OptionsPanel.xib */; };
		F39401DA185123D30064EA9E /* OptionsPanelWindowController.h in Headers */ = {isa = PBXBuildFile; fileRef = F39401D8185123D30064EA9E /* OptionsPanelWindowController.h */; };
		F39401DB185123D30064EA9E /* OptionsPanelWindowController.m in Sources */ = {isa = PBXBuildFile; fileRef = F39401D9185123D30064EA9E /* OptionsPanelWindowController.m */; };
		F39401DF185141050064EA9E /* LoginViewController.h in Headers */ = {isa = PBXBuildFile; fileRef = F39401DD185141050064EA9E /* LoginViewController.h */; };
		F39401E0185141050064EA9E /* LoginViewController.m in Sources */ = {isa = PBXBuildFile; fileRef = F39401DE185141050064EA9E /* LoginViewController.m */; };
		F39401E2185141E20064EA9E /* LoginView.xib in Resources */ = {isa = PBXBuildFile; fileRef = F39401E1185141E20064EA9E /* LoginView.xib */; };
		FD5296F7FAA645B183E20866 /* libPods-We Heart It Screensaver.a in Frameworks */ = {isa = PBXBuildFile; fileRef = 1E792AADC1CE4DDD8621B255 /* libPods-We Heart It Screensaver.a */; };
/* End PBXBuildFile section */

/* Begin PBXCopyFilesBuildPhase section */
		F37B5F111844700000294E39 /* CopyFiles */ = {
			isa = PBXCopyFilesBuildPhase;
			buildActionMask = 2147483647;
			dstPath = "~/Library/Screen Savers";
			dstSubfolderSpec = 0;
			files = (
				F37B5F12184470D400294E39 /* We Heart It Screensaver.saver in CopyFiles */,
			);
			runOnlyForDeploymentPostprocessing = 0;
		};
/* End PBXCopyFilesBuildPhase section */

/* Begin PBXFileReference section */
		1E792AADC1CE4DDD8621B255 /* libPods-We Heart It Screensaver.a */ = {isa = PBXFileReference; explicitFileType = archive.ar; includeInIndex = 0; path = "libPods-We Heart It Screensaver.a"; sourceTree = BUILT_PRODUCTS_DIR; };
		9AA7C3564DB24CCC926E4541 /* Pods-We Heart It Screensaver.xcconfig */ = {isa = PBXFileReference; includeInIndex = 1; lastKnownFileType = text.xcconfig; name = "Pods-We Heart It Screensaver.xcconfig"; path = "Pods/Pods-We Heart It Screensaver.xcconfig"; sourceTree = "<group>"; };
		F33BB4E718515AE600EC63DA /* WebKit.framework */ = {isa = PBXFileReference; lastKnownFileType = wrapper.framework; name = WebKit.framework; path = System/Library/Frameworks/WebKit.framework; sourceTree = SDKROOT; };
		F33BB4EB185288CC00EC63DA /* SettingsViewController.h */ = {isa = PBXFileReference; fileEncoding = 4; lastKnownFileType = sourcecode.c.h; name = SettingsViewController.h; path = Options/Views/SettingsViewController/SettingsViewController.h; sourceTree = "<group>"; };
		F33BB4EC185288CC00EC63DA /* SettingsViewController.m */ = {isa = PBXFileReference; fileEncoding = 4; lastKnownFileType = sourcecode.c.objc; name = SettingsViewController.m; path = Options/Views/SettingsViewController/SettingsViewController.m; sourceTree = "<group>"; };
		F33BB4ED185288CC00EC63DA /* SettingsViewController.xib */ = {isa = PBXFileReference; fileEncoding = 4; lastKnownFileType = file.xib; name = SettingsViewController.xib; path = Options/Views/SettingsViewController/SettingsViewController.xib; sourceTree = "<group>"; };
		F33BB4F1185289C500EC63DA /* WeHeartItLogo.h */ = {isa = PBXFileReference; fileEncoding = 4; lastKnownFileType = sourcecode.c.h; name = WeHeartItLogo.h; path = "Custom Assets/WeHeartItLogo.h"; sourceTree = "<group>"; };
		F33BB4F2185289C500EC63DA /* WeHeartItLogo.m */ = {isa = PBXFileReference; fileEncoding = 4; lastKnownFileType = sourcecode.c.objc; name = WeHeartItLogo.m; path = "Custom Assets/WeHeartItLogo.m"; sourceTree = "<group>"; };
		F33BB4F818528EDB00EC63DA /* NSImageView+AFNetworking.h */ = {isa = PBXFileReference; fileEncoding = 4; lastKnownFileType = sourcecode.c.h; name = "NSImageView+AFNetworking.h"; path = "Classes/Categories/NSImageView+AFNetworking.h"; sourceTree = "<group>"; };
		F33BB4F918528EDB00EC63DA /* NSImageView+AFNetworking.m */ = {isa = PBXFileReference; fileEncoding = 4; lastKnownFileType = sourcecode.c.objc; name = "NSImageView+AFNetworking.m"; path = "Classes/Categories/NSImageView+AFNetworking.m"; sourceTree = "<group>"; };
		F33BB4FD1852957500EC63DA /* ApiClient.h */ = {isa = PBXFileReference; fileEncoding = 4; lastKnownFileType = sourcecode.c.h; name = ApiClient.h; path = Classes/ApiClient.h; sourceTree = "<group>"; };
		F33BB4FE1852957500EC63DA /* ApiClient.m */ = {isa = PBXFileReference; fileEncoding = 4; lastKnownFileType = sourcecode.c.objc; name = ApiClient.m; path = Classes/ApiClient.m; sourceTree = "<group>"; };
		F33BB50118529BAC00EC63DA /* NSURL+QueryStringAdditions.h */ = {isa = PBXFileReference; fileEncoding = 4; lastKnownFileType = sourcecode.c.h; name = "NSURL+QueryStringAdditions.h"; path = "Classes/Categories/NSURL+QueryStringAdditions.h"; sourceTree = "<group>"; };
		F33BB50218529BAC00EC63DA /* NSURL+QueryStringAdditions.m */ = {isa = PBXFileReference; fileEncoding = 4; lastKnownFileType = sourcecode.c.objc; name = "NSURL+QueryStringAdditions.m"; path = "Classes/Categories/NSURL+QueryStringAdditions.m"; sourceTree = "<group>"; };
		F33BB5051852B34400EC63DA /* ImageGenerator.h */ = {isa = PBXFileReference; fileEncoding = 4; lastKnownFileType = sourcecode.c.h; name = ImageGenerator.h; path = Classes/ImageGenerator.h; sourceTree = "<group>"; };
		F33BB5061852B34400EC63DA /* ImageGenerator.m */ = {isa = PBXFileReference; fileEncoding = 4; lastKnownFileType = sourcecode.c.objc; name = ImageGenerator.m; path = Classes/ImageGenerator.m; sourceTree = "<group>"; };
		F37B5EF718446DC100294E39 /* We Heart It Screensaver.saver */ = {isa = PBXFileReference; explicitFileType = wrapper.cfbundle; includeInIndex = 0; path = "We Heart It Screensaver.saver"; sourceTree = BUILT_PRODUCTS_DIR; };
		F37B5EFA18446DC100294E39 /* Cocoa.framework */ = {isa = PBXFileReference; lastKnownFileType = wrapper.framework; name = Cocoa.framework; path = System/Library/Frameworks/Cocoa.framework; sourceTree = SDKROOT; };
		F37B5EFC18446DC100294E39 /* ScreenSaver.framework */ = {isa = PBXFileReference; lastKnownFileType = wrapper.framework; name = ScreenSaver.framework; path = System/Library/Frameworks/ScreenSaver.framework; sourceTree = SDKROOT; };
		F37B5EFF18446DC100294E39 /* AppKit.framework */ = {isa = PBXFileReference; lastKnownFileType = wrapper.framework; name = AppKit.framework; path = System/Library/Frameworks/AppKit.framework; sourceTree = SDKROOT; };
		F37B5F0018446DC100294E39 /* CoreData.framework */ = {isa = PBXFileReference; lastKnownFileType = wrapper.framework; name = CoreData.framework; path = System/Library/Frameworks/CoreData.framework; sourceTree = SDKROOT; };
		F37B5F0118446DC100294E39 /* Foundation.framework */ = {isa = PBXFileReference; lastKnownFileType = wrapper.framework; name = Foundation.framework; path = System/Library/Frameworks/Foundation.framework; sourceTree = SDKROOT; };
		F37B5F0418446DC100294E39 /* We Heart It Screensaver-Info.plist */ = {isa = PBXFileReference; lastKnownFileType = text.plist.xml; path = "We Heart It Screensaver-Info.plist"; sourceTree = "<group>"; };
		F37B5F0618446DC100294E39 /* en */ = {isa = PBXFileReference; lastKnownFileType = text.plist.strings; name = en; path = en.lproj/InfoPlist.strings; sourceTree = "<group>"; };
		F37B5F0818446DC100294E39 /* We Heart It Screensaver-Prefix.pch */ = {isa = PBXFileReference; lastKnownFileType = sourcecode.c.h; path = "We Heart It Screensaver-Prefix.pch"; sourceTree = "<group>"; };
		F37B5F0918446DC100294E39 /* WeHeartItScreensaverView.h */ = {isa = PBXFileReference; lastKnownFileType = sourcecode.c.h; path = WeHeartItScreensaverView.h; sourceTree = "<group>"; };
		F37B5F0A18446DC100294E39 /* WeHeartItScreensaverView.m */ = {isa = PBXFileReference; lastKnownFileType = sourcecode.c.objc; path = WeHeartItScreensaverView.m; sourceTree = "<group>"; };
		F37B5F191844787500294E39 /* OptionsPanel.xib */ = {isa = PBXFileReference; fileEncoding = 4; lastKnownFileType = file.xib; name = OptionsPanel.xib; path = Options/OptionsPanel.xib; sourceTree = "<group>"; };
		F39401D8185123D30064EA9E /* OptionsPanelWindowController.h */ = {isa = PBXFileReference; fileEncoding = 4; lastKnownFileType = sourcecode.c.h; name = OptionsPanelWindowController.h; path = Options/OptionsPanelWindowController.h; sourceTree = "<group>"; };
		F39401D9185123D30064EA9E /* OptionsPanelWindowController.m */ = {isa = PBXFileReference; fileEncoding = 4; lastKnownFileType = sourcecode.c.objc; name = OptionsPanelWindowController.m; path = Options/OptionsPanelWindowController.m; sourceTree = "<group>"; };
		F39401DD185141050064EA9E /* LoginViewController.h */ = {isa = PBXFileReference; fileEncoding = 4; lastKnownFileType = sourcecode.c.h; name = LoginViewController.h; path = Options/Views/LoginViewController.h; sourceTree = "<group>"; };
		F39401DE185141050064EA9E /* LoginViewController.m */ = {isa = PBXFileReference; fileEncoding = 4; lastKnownFileType = sourcecode.c.objc; name = LoginViewController.m; path = Options/Views/LoginViewController.m; sourceTree = "<group>"; };
		F39401E1185141E20064EA9E /* LoginView.xib */ = {isa = PBXFileReference; fileEncoding = 4; lastKnownFileType = file.xib; name = LoginView.xib; path = Options/Views/LoginView.xib; sourceTree = "<group>"; };
/* End PBXFileReference section */

/* Begin PBXFrameworksBuildPhase section */
		F37B5EF218446DC100294E39 /* Frameworks */ = {
			isa = PBXFrameworksBuildPhase;
			buildActionMask = 2147483647;
			files = (
				F33BB4E818515AE600EC63DA /* WebKit.framework in Frameworks */,
				F37B5EFD18446DC100294E39 /* ScreenSaver.framework in Frameworks */,
				F37B5EFB18446DC100294E39 /* Cocoa.framework in Frameworks */,
				FD5296F7FAA645B183E20866 /* libPods-We Heart It Screensaver.a in Frameworks */,
			);
			runOnlyForDeploymentPostprocessing = 0;
		};
/* End PBXFrameworksBuildPhase section */

/* Begin PBXGroup section */
		F33BB4E9185286F100EC63DA /* LoginViewController */ = {
			isa = PBXGroup;
			children = (
				F39401DD185141050064EA9E /* LoginViewController.h */,
				F39401DE185141050064EA9E /* LoginViewController.m */,
				F39401E1185141E20064EA9E /* LoginView.xib */,
			);
			name = LoginViewController;
			sourceTree = "<group>";
		};
		F33BB4EA185286F700EC63DA /* SettingsViewController */ = {
			isa = PBXGroup;
			children = (
				F33BB4EB185288CC00EC63DA /* SettingsViewController.h */,
				F33BB4EC185288CC00EC63DA /* SettingsViewController.m */,
				F33BB4ED185288CC00EC63DA /* SettingsViewController.xib */,
			);
			name = SettingsViewController;
			sourceTree = "<group>";
		};
		F33BB4F5185289CB00EC63DA /* Custom Assets */ = {
			isa = PBXGroup;
			children = (
				F33BB4F1185289C500EC63DA /* WeHeartItLogo.h */,
				F33BB4F2185289C500EC63DA /* WeHeartItLogo.m */,
			);
			name = "Custom Assets";
			sourceTree = "<group>";
		};
		F33BB4F618528E7E00EC63DA /* Classes */ = {
			isa = PBXGroup;
			children = (
				F33BB4FC18528EDF00EC63DA /* Categories */,
				F33BB4FD1852957500EC63DA /* ApiClient.h */,
				F33BB4FE1852957500EC63DA /* ApiClient.m */,
				F33BB5051852B34400EC63DA /* ImageGenerator.h */,
				F33BB5061852B34400EC63DA /* ImageGenerator.m */,
			);
			name = Classes;
			sourceTree = "<group>";
		};
		F33BB4FC18528EDF00EC63DA /* Categories */ = {
			isa = PBXGroup;
			children = (
				F33BB4F818528EDB00EC63DA /* NSImageView+AFNetworking.h */,
				F33BB4F918528EDB00EC63DA /* NSImageView+AFNetworking.m */,
				F33BB50118529BAC00EC63DA /* NSURL+QueryStringAdditions.h */,
				F33BB50218529BAC00EC63DA /* NSURL+QueryStringAdditions.m */,
			);
			name = Categories;
			sourceTree = "<group>";
		};
		F37B5EEC18446DC100294E39 = {
			isa = PBXGroup;
			children = (
				F37B5F0218446DC100294E39 /* We Heart It Screensaver */,
				F37B5EF918446DC100294E39 /* Frameworks */,
				F37B5EF818446DC100294E39 /* Products */,
				9AA7C3564DB24CCC926E4541 /* Pods-We Heart It Screensaver.xcconfig */,
			);
			sourceTree = "<group>";
		};
		F37B5EF818446DC100294E39 /* Products */ = {
			isa = PBXGroup;
			children = (
				F37B5EF718446DC100294E39 /* We Heart It Screensaver.saver */,
			);
			name = Products;
			sourceTree = "<group>";
		};
		F37B5EF918446DC100294E39 /* Frameworks */ = {
			isa = PBXGroup;
			children = (
				F33BB4E718515AE600EC63DA /* WebKit.framework */,
				F37B5EFA18446DC100294E39 /* Cocoa.framework */,
				F37B5EFC18446DC100294E39 /* ScreenSaver.framework */,
				F37B5EFE18446DC100294E39 /* Other Frameworks */,
				1E792AADC1CE4DDD8621B255 /* libPods-We Heart It Screensaver.a */,
			);
			name = Frameworks;
			sourceTree = "<group>";
		};
		F37B5EFE18446DC100294E39 /* Other Frameworks */ = {
			isa = PBXGroup;
			children = (
				F37B5EFF18446DC100294E39 /* AppKit.framework */,
				F37B5F0018446DC100294E39 /* CoreData.framework */,
				F37B5F0118446DC100294E39 /* Foundation.framework */,
			);
			name = "Other Frameworks";
			sourceTree = "<group>";
		};
		F37B5F0218446DC100294E39 /* We Heart It Screensaver */ = {
			isa = PBXGroup;
			children = (
				F33BB4F618528E7E00EC63DA /* Classes */,
				F37B5F131844774B00294E39 /* Options */,
				F37B5F0918446DC100294E39 /* WeHeartItScreensaverView.h */,
				F37B5F0A18446DC100294E39 /* WeHeartItScreensaverView.m */,
				F37B5F0318446DC100294E39 /* Supporting Files */,
				F33BB4F5185289CB00EC63DA /* Custom Assets */,
			);
			path = "We Heart It Screensaver";
			sourceTree = "<group>";
		};
		F37B5F0318446DC100294E39 /* Supporting Files */ = {
			isa = PBXGroup;
			children = (
				F37B5F0418446DC100294E39 /* We Heart It Screensaver-Info.plist */,
				F37B5F0518446DC100294E39 /* InfoPlist.strings */,
				F37B5F0818446DC100294E39 /* We Heart It Screensaver-Prefix.pch */,
			);
			name = "Supporting Files";
			sourceTree = "<group>";
		};
		F37B5F131844774B00294E39 /* Options */ = {
			isa = PBXGroup;
			children = (
				F39401DC1851402C0064EA9E /* Views */,
				F37B5F191844787500294E39 /* OptionsPanel.xib */,
				F39401D8185123D30064EA9E /* OptionsPanelWindowController.h */,
				F39401D9185123D30064EA9E /* OptionsPanelWindowController.m */,
			);
			name = Options;
			sourceTree = "<group>";
		};
		F39401DC1851402C0064EA9E /* Views */ = {
			isa = PBXGroup;
			children = (
				F33BB4EA185286F700EC63DA /* SettingsViewController */,
				F33BB4E9185286F100EC63DA /* LoginViewController */,
			);
			name = Views;
			sourceTree = "<group>";
		};
/* End PBXGroup section */

/* Begin PBXHeadersBuildPhase section */
		F37B5EF318446DC100294E39 /* Headers */ = {
			isa = PBXHeadersBuildPhase;
			buildActionMask = 2147483647;
			files = (
				F33BB5071852B34400EC63DA /* ImageGenerator.h in Headers */,
				F33BB4FF1852957500EC63DA /* ApiClient.h in Headers */,
				F33BB50318529BAC00EC63DA /* NSURL+QueryStringAdditions.h in Headers */,
				F39401DA185123D30064EA9E /* OptionsPanelWindowController.h in Headers */,
				F39401DF185141050064EA9E /* LoginViewController.h in Headers */,
				F33BB4EE185288CC00EC63DA /* SettingsViewController.h in Headers */,
				F33BB4FA18528EDB00EC63DA /* NSImageView+AFNetworking.h in Headers */,
				F33BB4F3185289C500EC63DA /* WeHeartItLogo.h in Headers */,
			);
			runOnlyForDeploymentPostprocessing = 0;
		};
/* End PBXHeadersBuildPhase section */

/* Begin PBXNativeTarget section */
		F37B5EF618446DC100294E39 /* We Heart It Screensaver */ = {
			isa = PBXNativeTarget;
			buildConfigurationList = F37B5F0E18446DC100294E39 /* Build configuration list for PBXNativeTarget "We Heart It Screensaver" */;
			buildPhases = (
				976AA82BC33F4362A36D1457 /* Check Pods Manifest.lock */,
				F37B5EF118446DC100294E39 /* Sources */,
				F37B5EF218446DC100294E39 /* Frameworks */,
				F37B5EF318446DC100294E39 /* Headers */,
				F37B5EF418446DC100294E39 /* Resources */,
				F37B5EF518446DC100294E39 /* Rez */,
				F37B5F111844700000294E39 /* CopyFiles */,
				338057F204C84EAC886B30ED /* Copy Pods Resources */,
			);
			buildRules = (
			);
			dependencies = (
			);
			name = "We Heart It Screensaver";
			productName = "We Heart It Screensaver";
			productReference = F37B5EF718446DC100294E39 /* We Heart It Screensaver.saver */;
			productType = "com.apple.product-type.bundle";
		};
/* End PBXNativeTarget section */

/* Begin PBXProject section */
		F37B5EED18446DC100294E39 /* Project object */ = {
			isa = PBXProject;
			attributes = {
				LastUpgradeCheck = 0500;
				ORGANIZATIONNAME = "We Heart It";
			};
			buildConfigurationList = F37B5EF018446DC100294E39 /* Build configuration list for PBXProject "We Heart It Screensaver" */;
			compatibilityVersion = "Xcode 3.2";
			developmentRegion = English;
			hasScannedForEncodings = 0;
			knownRegions = (
				en,
			);
			mainGroup = F37B5EEC18446DC100294E39;
			productRefGroup = F37B5EF818446DC100294E39 /* Products */;
			projectDirPath = "";
			projectRoot = "";
			targets = (
				F37B5EF618446DC100294E39 /* We Heart It Screensaver */,
			);
		};
/* End PBXProject section */

/* Begin PBXResourcesBuildPhase section */
		F37B5EF418446DC100294E39 /* Resources */ = {
			isa = PBXResourcesBuildPhase;
			buildActionMask = 2147483647;
			files = (
				F37B5F1A1844787500294E39 /* OptionsPanel.xib in Resources */,
				F37B5F0718446DC100294E39 /* InfoPlist.strings in Resources */,
				F39401E2185141E20064EA9E /* LoginView.xib in Resources */,
				F33BB4F0185288CC00EC63DA /* SettingsViewController.xib in Resources */,
			);
			runOnlyForDeploymentPostprocessing = 0;
		};
/* End PBXResourcesBuildPhase section */

/* Begin PBXRezBuildPhase section */
		F37B5EF518446DC100294E39 /* Rez */ = {
			isa = PBXRezBuildPhase;
			buildActionMask = 2147483647;
			files = (
			);
			runOnlyForDeploymentPostprocessing = 0;
		};
/* End PBXRezBuildPhase section */

/* Begin PBXShellScriptBuildPhase section */
		338057F204C84EAC886B30ED /* Copy Pods Resources */ = {
			isa = PBXShellScriptBuildPhase;
			buildActionMask = 2147483647;
			files = (
			);
			inputPaths = (
			);
			name = "Copy Pods Resources";
			outputPaths = (
			);
			runOnlyForDeploymentPostprocessing = 0;
			shellPath = /bin/sh;
			shellScript = "\"${SRCROOT}/Pods/Pods-We Heart It Screensaver-resources.sh\"\n";
			showEnvVarsInLog = 0;
		};
		976AA82BC33F4362A36D1457 /* Check Pods Manifest.lock */ = {
			isa = PBXShellScriptBuildPhase;
			buildActionMask = 2147483647;
			files = (
			);
			inputPaths = (
			);
			name = "Check Pods Manifest.lock";
			outputPaths = (
			);
			runOnlyForDeploymentPostprocessing = 0;
			shellPath = /bin/sh;
			shellScript = "diff \"${PODS_ROOT}/../Podfile.lock\" \"${PODS_ROOT}/Manifest.lock\" > /dev/null\nif [[ $? != 0 ]] ; then\n    cat << EOM\nerror: The sandbox is not in sync with the Podfile.lock. Run 'pod install' or update your CocoaPods installation.\nEOM\n    exit 1\nfi\n";
			showEnvVarsInLog = 0;
		};
/* End PBXShellScriptBuildPhase section */

/* Begin PBXSourcesBuildPhase section */
		F37B5EF118446DC100294E39 /* Sources */ = {
			isa = PBXSourcesBuildPhase;
			buildActionMask = 2147483647;
			files = (
				F37B5F0B18446DC100294E39 /* WeHeartItScreensaverView.m in Sources */,
				F39401DB185123D30064EA9E /* OptionsPanelWindowController.m in Sources */,
				F33BB50418529BAC00EC63DA /* NSURL+QueryStringAdditions.m in Sources */,
				F33BB4F4185289C500EC63DA /* WeHeartItLogo.m in Sources */,
				F39401E0185141050064EA9E /* LoginViewController.m in Sources */,
				F33BB4FB18528EDB00EC63DA /* NSImageView+AFNetworking.m in Sources */,
				F33BB4EF185288CC00EC63DA /* SettingsViewController.m in Sources */,
				F33BB5081852B34400EC63DA /* ImageGenerator.m in Sources */,
				F33BB5001852957500EC63DA /* ApiClient.m in Sources */,
			);
			runOnlyForDeploymentPostprocessing = 0;
		};
/* End PBXSourcesBuildPhase section */

/* Begin PBXVariantGroup section */
		F37B5F0518446DC100294E39 /* InfoPlist.strings */ = {
			isa = PBXVariantGroup;
			children = (
				F37B5F0618446DC100294E39 /* en */,
			);
			name = InfoPlist.strings;
			sourceTree = "<group>";
		};
/* End PBXVariantGroup section */

/* Begin XCBuildConfiguration section */
		F37B5F0C18446DC100294E39 /* Debug */ = {
			isa = XCBuildConfiguration;
			buildSettings = {
				ALWAYS_SEARCH_USER_PATHS = NO;
				CLANG_CXX_LANGUAGE_STANDARD = "gnu++0x";
				CLANG_CXX_LIBRARY = "libc++";
				CLANG_ENABLE_OBJC_ARC = YES;
				CLANG_WARN_BOOL_CONVERSION = YES;
				CLANG_WARN_CONSTANT_CONVERSION = YES;
				CLANG_WARN_DIRECT_OBJC_ISA_USAGE = YES_ERROR;
				CLANG_WARN_EMPTY_BODY = YES;
				CLANG_WARN_ENUM_CONVERSION = YES;
				CLANG_WARN_INT_CONVERSION = YES;
				CLANG_WARN_OBJC_ROOT_CLASS = YES_ERROR;
				CLANG_WARN__DUPLICATE_METHOD_MATCH = YES;
				COPY_PHASE_STRIP = NO;
				GCC_C_LANGUAGE_STANDARD = gnu99;
				GCC_DYNAMIC_NO_PIC = NO;
				GCC_ENABLE_OBJC_EXCEPTIONS = YES;
				GCC_OPTIMIZATION_LEVEL = 0;
				GCC_PREPROCESSOR_DEFINITIONS = (
					"DEBUG=1",
					"$(inherited)",
				);
				GCC_SYMBOLS_PRIVATE_EXTERN = NO;
				GCC_WARN_64_TO_32_BIT_CONVERSION = YES;
				GCC_WARN_ABOUT_RETURN_TYPE = YES_ERROR;
				GCC_WARN_UNDECLARED_SELECTOR = YES;
				GCC_WARN_UNINITIALIZED_AUTOS = YES;
				GCC_WARN_UNUSED_FUNCTION = YES;
				GCC_WARN_UNUSED_VARIABLE = YES;
				MACOSX_DEPLOYMENT_TARGET = 10.9;
				ONLY_ACTIVE_ARCH = YES;
				SDKROOT = macosx;
			};
			name = Debug;
		};
		F37B5F0D18446DC100294E39 /* Release */ = {
			isa = XCBuildConfiguration;
			buildSettings = {
				ALWAYS_SEARCH_USER_PATHS = NO;
				CLANG_CXX_LANGUAGE_STANDARD = "gnu++0x";
				CLANG_CXX_LIBRARY = "libc++";
				CLANG_ENABLE_OBJC_ARC = YES;
				CLANG_WARN_BOOL_CONVERSION = YES;
				CLANG_WARN_CONSTANT_CONVERSION = YES;
				CLANG_WARN_DIRECT_OBJC_ISA_USAGE = YES_ERROR;
				CLANG_WARN_EMPTY_BODY = YES;
				CLANG_WARN_ENUM_CONVERSION = YES;
				CLANG_WARN_INT_CONVERSION = YES;
				CLANG_WARN_OBJC_ROOT_CLASS = YES_ERROR;
				CLANG_WARN__DUPLICATE_METHOD_MATCH = YES;
				COPY_PHASE_STRIP = YES;
				DEBUG_INFORMATION_FORMAT = "dwarf-with-dsym";
				ENABLE_NS_ASSERTIONS = NO;
				GCC_C_LANGUAGE_STANDARD = gnu99;
				GCC_ENABLE_OBJC_EXCEPTIONS = YES;
				GCC_WARN_64_TO_32_BIT_CONVERSION = YES;
				GCC_WARN_ABOUT_RETURN_TYPE = YES_ERROR;
				GCC_WARN_UNDECLARED_SELECTOR = YES;
				GCC_WARN_UNINITIALIZED_AUTOS = YES;
				GCC_WARN_UNUSED_FUNCTION = YES;
				GCC_WARN_UNUSED_VARIABLE = YES;
				MACOSX_DEPLOYMENT_TARGET = 10.9;
				SDKROOT = macosx;
			};
			name = Release;
		};
		F37B5F0F18446DC100294E39 /* Debug */ = {
			isa = XCBuildConfiguration;
			baseConfigurationReference = 9AA7C3564DB24CCC926E4541 /* Pods-We Heart It Screensaver.xcconfig */;
			buildSettings = {
				COMBINE_HIDPI_IMAGES = YES;
				GCC_PRECOMPILE_PREFIX_HEADER = YES;
				GCC_PREFIX_HEADER = "We Heart It Screensaver/We Heart It Screensaver-Prefix.pch";
				INFOPLIST_FILE = "We Heart It Screensaver/We Heart It Screensaver-Info.plist";
				INSTALL_PATH = "$(HOME)/Library/Screen Savers";
				PRODUCT_NAME = "$(TARGET_NAME)";
				WRAPPER_EXTENSION = saver;
			};
			name = Debug;
		};
		F37B5F1018446DC100294E39 /* Release */ = {
			isa = XCBuildConfiguration;
			baseConfigurationReference = 9AA7C3564DB24CCC926E4541 /* Pods-We Heart It Screensaver.xcconfig */;
			buildSettings = {
				COMBINE_HIDPI_IMAGES = YES;
				GCC_PRECOMPILE_PREFIX_HEADER = YES;
				GCC_PREFIX_HEADER = "We Heart It Screensaver/We Heart It Screensaver-Prefix.pch";
				INFOPLIST_FILE = "We Heart It Screensaver/We Heart It Screensaver-Info.plist";
				INSTALL_PATH = "$(HOME)/Library/Screen Savers";
				PRODUCT_NAME = "$(TARGET_NAME)";
				WRAPPER_EXTENSION = saver;
			};
			name = Release;
		};
/* End XCBuildConfiguration section */

/* Begin XCConfigurationList section */
		F37B5EF018446DC100294E39 /* Build configuration list for PBXProject "We Heart It Screensaver" */ = {
			isa = XCConfigurationList;
			buildConfigurations = (
				F37B5F0C18446DC100294E39 /* Debug */,
				F37B5F0D18446DC100294E39 /* Release */,
			);
			defaultConfigurationIsVisible = 0;
			defaultConfigurationName = Release;
		};
		F37B5F0E18446DC100294E39 /* Build configuration list for PBXNativeTarget "We Heart It Screensaver" */ = {
			isa = XCConfigurationList;
			buildConfigurations = (
				F37B5F0F18446DC100294E39 /* Debug */,
				F37B5F1018446DC100294E39 /* Release */,
			);
			defaultConfigurationIsVisible = 0;
			defaultConfigurationName = Release;
		};
/* End XCConfigurationList section */
	};
	rootObject = F37B5EED18446DC100294E39 /* Project object */;
}
